
Microsoft Visual Studio Solution File, Format Version 12.00
# Visual Studio Version 16
VisualStudioVersion = 16.0.30406.217
MinimumVisualStudioVersion = 10.0.40219.1
Project("{FAE04EC0-301F-11D3-BF4B-00C04F79EFBC}") = "DefangingIP", "DefangingIP.csproj", "{F6588BB5-E637-4155-B044-4BA2C399D4B1}"
EndProject
Global
	GlobalSection(SolutionConfigurationPlatforms) = preSolution
		Debug|Any CPU = Debug|Any CPU
		Release|Any CPU = Release|Any CPU
	EndGlobalSection
	GlobalSection(ProjectConfigurationPlatforms) = postSolution
		{F6588BB5-E637-4155-B044-4BA2C399D4B1}.Debug|Any CPU.ActiveCfg = Debug|Any CPU
		{F6588BB5-E637-4155-B044-4BA2C399D4B1}.Debug|Any CPU.Build.0 = Debug|Any CPU
		{F6588BB5-E637-4155-B044-4BA2C399D4B1}.Release|Any CPU.ActiveCfg = Release|Any CPU
		{F6588BB5-E637-4155-B044-4BA2C399D4B1}.Release|Any CPU.Build.0 = Release|Any CPU
	EndGlobalSection
	GlobalSection(SolutionProperties) = preSolution
		HideSolutionNode = FALSE
	EndGlobalSection
	GlobalSection(ExtensibilityGlobals) = postSolution
		SolutionGuid = {50E88781-6B1A-49EF-8D23-17A537FDA5E1}
	EndGlobalSection
EndGlobal
