
Microsoft Visual Studio Solution File, Format Version 12.00
# Visual Studio Version 16
VisualStudioVersion = 16.0.30330.147
MinimumVisualStudioVersion = 10.0.40219.1
Project("{9A19103F-16F7-4668-BE54-9A1E7A4F7556}") = "HackerRankIntPrepPath", "HackerRankIntPrepPath.csproj", "{B1AA33B1-68CB-411E-A02D-C1EB496C21AD}"
EndProject
Project("{9A19103F-16F7-4668-BE54-9A1E7A4F7556}") = "HackerRankProblemSolvingPath", "..\HackerRankProblemSolvingPath\HackerRankProblemSolvingPath.csproj", "{0B686EDF-8A59-4A16-B60E-409960904F22}"
EndProject
Project("{9A19103F-16F7-4668-BE54-9A1E7A4F7556}") = "ThirtyDaysOfCode", "..\ThirtyDaysOfCode\ThirtyDaysOfCode.csproj", "{2803443B-B046-47C6-90C8-32E12E2F781E}"
EndProject
Project("{FAE04EC0-301F-11D3-BF4B-00C04F79EFBC}") = "Day0HelloWorld", "..\Day0HelloWorld\Day0HelloWorld.csproj", "{2780AE13-2D65-411B-A676-1E0E15546D09}"
EndProject
Project("{FAE04EC0-301F-11D3-BF4B-00C04F79EFBC}") = "Day1DataTypes", "..\Day1DataTypes\Day1DataTypes.csproj", "{D54CB18A-435C-4C56-818E-F2ED2B69DD0B}"
EndProject
Global
	GlobalSection(SolutionConfigurationPlatforms) = preSolution
		Debug|Any CPU = Debug|Any CPU
		Release|Any CPU = Release|Any CPU
	EndGlobalSection
	GlobalSection(ProjectConfigurationPlatforms) = postSolution
		{B1AA33B1-68CB-411E-A02D-C1EB496C21AD}.Debug|Any CPU.ActiveCfg = Debug|Any CPU
		{B1AA33B1-68CB-411E-A02D-C1EB496C21AD}.Debug|Any CPU.Build.0 = Debug|Any CPU
		{B1AA33B1-68CB-411E-A02D-C1EB496C21AD}.Release|Any CPU.ActiveCfg = Release|Any CPU
		{B1AA33B1-68CB-411E-A02D-C1EB496C21AD}.Release|Any CPU.Build.0 = Release|Any CPU
		{0B686EDF-8A59-4A16-B60E-409960904F22}.Debug|Any CPU.ActiveCfg = Debug|Any CPU
		{0B686EDF-8A59-4A16-B60E-409960904F22}.Debug|Any CPU.Build.0 = Debug|Any CPU
		{0B686EDF-8A59-4A16-B60E-409960904F22}.Release|Any CPU.ActiveCfg = Release|Any CPU
		{0B686EDF-8A59-4A16-B60E-409960904F22}.Release|Any CPU.Build.0 = Release|Any CPU
		{2803443B-B046-47C6-90C8-32E12E2F781E}.Debug|Any CPU.ActiveCfg = Debug|Any CPU
		{2803443B-B046-47C6-90C8-32E12E2F781E}.Debug|Any CPU.Build.0 = Debug|Any CPU
		{2803443B-B046-47C6-90C8-32E12E2F781E}.Release|Any CPU.ActiveCfg = Release|Any CPU
		{2803443B-B046-47C6-90C8-32E12E2F781E}.Release|Any CPU.Build.0 = Release|Any CPU
		{2780AE13-2D65-411B-A676-1E0E15546D09}.Debug|Any CPU.ActiveCfg = Debug|Any CPU
		{2780AE13-2D65-411B-A676-1E0E15546D09}.Debug|Any CPU.Build.0 = Debug|Any CPU
		{2780AE13-2D65-411B-A676-1E0E15546D09}.Release|Any CPU.ActiveCfg = Release|Any CPU
		{2780AE13-2D65-411B-A676-1E0E15546D09}.Release|Any CPU.Build.0 = Release|Any CPU
		{D54CB18A-435C-4C56-818E-F2ED2B69DD0B}.Debug|Any CPU.ActiveCfg = Debug|Any CPU
		{D54CB18A-435C-4C56-818E-F2ED2B69DD0B}.Debug|Any CPU.Build.0 = Debug|Any CPU
		{D54CB18A-435C-4C56-818E-F2ED2B69DD0B}.Release|Any CPU.ActiveCfg = Release|Any CPU
		{D54CB18A-435C-4C56-818E-F2ED2B69DD0B}.Release|Any CPU.Build.0 = Release|Any CPU
	EndGlobalSection
	GlobalSection(SolutionProperties) = preSolution
		HideSolutionNode = FALSE
	EndGlobalSection
	GlobalSection(ExtensibilityGlobals) = postSolution
		SolutionGuid = {72716B8D-BB40-42D9-A9EC-3621CEC0E036}
	EndGlobalSection
EndGlobal
