
Microsoft Visual Studio Solution File, Format Version 12.00
# Visual Studio Version 16
VisualStudioVersion = 16.0.30406.217
MinimumVisualStudioVersion = 10.0.40219.1
Project("{FAE04EC0-301F-11D3-BF4B-00C04F79EFBC}") = "SumZero", "SumZero.csproj", "{D25AB0AA-18D6-4354-98A7-03A7D4DAF911}"
EndProject
Global
	GlobalSection(SolutionConfigurationPlatforms) = preSolution
		Debug|Any CPU = Debug|Any CPU
		Release|Any CPU = Release|Any CPU
	EndGlobalSection
	GlobalSection(ProjectConfigurationPlatforms) = postSolution
		{D25AB0AA-18D6-4354-98A7-03A7D4DAF911}.Debug|Any CPU.ActiveCfg = Debug|Any CPU
		{D25AB0AA-18D6-4354-98A7-03A7D4DAF911}.Debug|Any CPU.Build.0 = Debug|Any CPU
		{D25AB0AA-18D6-4354-98A7-03A7D4DAF911}.Release|Any CPU.ActiveCfg = Release|Any CPU
		{D25AB0AA-18D6-4354-98A7-03A7D4DAF911}.Release|Any CPU.Build.0 = Release|Any CPU
	EndGlobalSection
	GlobalSection(SolutionProperties) = preSolution
		HideSolutionNode = FALSE
	EndGlobalSection
	GlobalSection(ExtensibilityGlobals) = postSolution
		SolutionGuid = {8CBC977B-5813-4554-B563-B82972C9212E}
	EndGlobalSection
EndGlobal
