
Microsoft Visual Studio Solution File, Format Version 12.00
# Visual Studio Version 16
VisualStudioVersion = 16.0.30406.217
MinimumVisualStudioVersion = 10.0.40219.1
Project("{FAE04EC0-301F-11D3-BF4B-00C04F79EFBC}") = "PlusOne", "PlusOne.csproj", "{A2E31E5C-E2EA-4A17-A419-B43CD5B32416}"
EndProject
Global
	GlobalSection(SolutionConfigurationPlatforms) = preSolution
		Debug|Any CPU = Debug|Any CPU
		Release|Any CPU = Release|Any CPU
	EndGlobalSection
	GlobalSection(ProjectConfigurationPlatforms) = postSolution
		{A2E31E5C-E2EA-4A17-A419-B43CD5B32416}.Debug|Any CPU.ActiveCfg = Debug|Any CPU
		{A2E31E5C-E2EA-4A17-A419-B43CD5B32416}.Debug|Any CPU.Build.0 = Debug|Any CPU
		{A2E31E5C-E2EA-4A17-A419-B43CD5B32416}.Release|Any CPU.ActiveCfg = Release|Any CPU
		{A2E31E5C-E2EA-4A17-A419-B43CD5B32416}.Release|Any CPU.Build.0 = Release|Any CPU
	EndGlobalSection
	GlobalSection(SolutionProperties) = preSolution
		HideSolutionNode = FALSE
	EndGlobalSection
	GlobalSection(ExtensibilityGlobals) = postSolution
		SolutionGuid = {CF61937E-0BE4-40BD-9AB0-715D8BE6FE5E}
	EndGlobalSection
EndGlobal
