
Microsoft Visual Studio Solution File, Format Version 12.00
# Visual Studio Version 16
VisualStudioVersion = 16.0.30406.217
MinimumVisualStudioVersion = 10.0.40219.1
Project("{FAE04EC0-301F-11D3-BF4B-00C04F79EFBC}") = "SameFrequency", "SameFrequency.csproj", "{C020BAEB-7660-4FEE-9225-2724520F0C61}"
EndProject
Global
	GlobalSection(SolutionConfigurationPlatforms) = preSolution
		Debug|Any CPU = Debug|Any CPU
		Release|Any CPU = Release|Any CPU
	EndGlobalSection
	GlobalSection(ProjectConfigurationPlatforms) = postSolution
		{C020BAEB-7660-4FEE-9225-2724520F0C61}.Debug|Any CPU.ActiveCfg = Debug|Any CPU
		{C020BAEB-7660-4FEE-9225-2724520F0C61}.Debug|Any CPU.Build.0 = Debug|Any CPU
		{C020BAEB-7660-4FEE-9225-2724520F0C61}.Release|Any CPU.ActiveCfg = Release|Any CPU
		{C020BAEB-7660-4FEE-9225-2724520F0C61}.Release|Any CPU.Build.0 = Release|Any CPU
	EndGlobalSection
	GlobalSection(SolutionProperties) = preSolution
		HideSolutionNode = FALSE
	EndGlobalSection
	GlobalSection(ExtensibilityGlobals) = postSolution
		SolutionGuid = {220D1E85-984C-4398-9D5F-0CA1D764C38A}
	EndGlobalSection
EndGlobal
