
Microsoft Visual Studio Solution File, Format Version 12.00
# Visual Studio Version 16
VisualStudioVersion = 16.0.30406.217
MinimumVisualStudioVersion = 10.0.40219.1
Project("{FAE04EC0-301F-11D3-BF4B-00C04F79EFBC}") = "Permutations", "Permutations.csproj", "{FAB4D26A-1496-42A8-924F-0E603D4C60FC}"
EndProject
Global
	GlobalSection(SolutionConfigurationPlatforms) = preSolution
		Debug|Any CPU = Debug|Any CPU
		Release|Any CPU = Release|Any CPU
	EndGlobalSection
	GlobalSection(ProjectConfigurationPlatforms) = postSolution
		{FAB4D26A-1496-42A8-924F-0E603D4C60FC}.Debug|Any CPU.ActiveCfg = Debug|Any CPU
		{FAB4D26A-1496-42A8-924F-0E603D4C60FC}.Debug|Any CPU.Build.0 = Debug|Any CPU
		{FAB4D26A-1496-42A8-924F-0E603D4C60FC}.Release|Any CPU.ActiveCfg = Release|Any CPU
		{FAB4D26A-1496-42A8-924F-0E603D4C60FC}.Release|Any CPU.Build.0 = Release|Any CPU
	EndGlobalSection
	GlobalSection(SolutionProperties) = preSolution
		HideSolutionNode = FALSE
	EndGlobalSection
	GlobalSection(ExtensibilityGlobals) = postSolution
		SolutionGuid = {B01ACF0D-89C1-4111-BA23-CEC37C7D546F}
	EndGlobalSection
EndGlobal
