
Microsoft Visual Studio Solution File, Format Version 12.00
# Visual Studio Version 16
VisualStudioVersion = 16.0.30406.217
MinimumVisualStudioVersion = 10.0.40219.1
Project("{FAE04EC0-301F-11D3-BF4B-00C04F79EFBC}") = "ValidAnagram", "ValidAnagram.csproj", "{F6673195-A1FB-4FDB-9BC1-A9497ABF45FD}"
EndProject
Global
	GlobalSection(SolutionConfigurationPlatforms) = preSolution
		Debug|Any CPU = Debug|Any CPU
		Release|Any CPU = Release|Any CPU
	EndGlobalSection
	GlobalSection(ProjectConfigurationPlatforms) = postSolution
		{F6673195-A1FB-4FDB-9BC1-A9497ABF45FD}.Debug|Any CPU.ActiveCfg = Debug|Any CPU
		{F6673195-A1FB-4FDB-9BC1-A9497ABF45FD}.Debug|Any CPU.Build.0 = Debug|Any CPU
		{F6673195-A1FB-4FDB-9BC1-A9497ABF45FD}.Release|Any CPU.ActiveCfg = Release|Any CPU
		{F6673195-A1FB-4FDB-9BC1-A9497ABF45FD}.Release|Any CPU.Build.0 = Release|Any CPU
	EndGlobalSection
	GlobalSection(SolutionProperties) = preSolution
		HideSolutionNode = FALSE
	EndGlobalSection
	GlobalSection(ExtensibilityGlobals) = postSolution
		SolutionGuid = {F09C6AB3-AAE7-4940-92F9-F347394169B6}
	EndGlobalSection
EndGlobal
