
Microsoft Visual Studio Solution File, Format Version 12.00
# Visual Studio Version 16
VisualStudioVersion = 16.0.30406.217
MinimumVisualStudioVersion = 10.0.40219.1
Project("{9A19103F-16F7-4668-BE54-9A1E7A4F7556}") = "ReversedInt", "ReversedInt.csproj", "{3BCCD671-A562-4FC7-802E-7641FAD45772}"
EndProject
Global
	GlobalSection(SolutionConfigurationPlatforms) = preSolution
		Debug|Any CPU = Debug|Any CPU
		Release|Any CPU = Release|Any CPU
	EndGlobalSection
	GlobalSection(ProjectConfigurationPlatforms) = postSolution
		{3BCCD671-A562-4FC7-802E-7641FAD45772}.Debug|Any CPU.ActiveCfg = Debug|Any CPU
		{3BCCD671-A562-4FC7-802E-7641FAD45772}.Debug|Any CPU.Build.0 = Debug|Any CPU
		{3BCCD671-A562-4FC7-802E-7641FAD45772}.Release|Any CPU.ActiveCfg = Release|Any CPU
		{3BCCD671-A562-4FC7-802E-7641FAD45772}.Release|Any CPU.Build.0 = Release|Any CPU
	EndGlobalSection
	GlobalSection(SolutionProperties) = preSolution
		HideSolutionNode = FALSE
	EndGlobalSection
	GlobalSection(ExtensibilityGlobals) = postSolution
		SolutionGuid = {E4413F24-6FEB-40DE-8E6E-0D8C23C3D0CF}
	EndGlobalSection
EndGlobal
